
Microsoft Visual Studio Solution File, Format Version 12.00
# Visual Studio Version 17
VisualStudioVersion = 17.14.36408.4 d17.14
MinimumVisualStudioVersion = 10.0.40219.1
Project("{8BC9CEB8-8B4A-11D0-8D11-00A0C91BC942}") = "Aula001", "Aula001.vcxproj", "{20DBDFC2-ACD9-44FF-8DE5-2CE282FC2D33}"
EndProject
Global
	GlobalSection(SolutionConfigurationPlatforms) = preSolution
		Debug|x64 = Debug|x64
		Debug|x86 = Debug|x86
		Release|x64 = Release|x64
		Release|x86 = Release|x86
	EndGlobalSection
	GlobalSection(ProjectConfigurationPlatforms) = postSolution
		{20DBDFC2-ACD9-44FF-8DE5-2CE282FC2D33}.Debug|x64.ActiveCfg = Debug|x64
		{20DBDFC2-ACD9-44FF-8DE5-2CE282FC2D33}.Debug|x64.Build.0 = Debug|x64
		{20DBDFC2-ACD9-44FF-8DE5-2CE282FC2D33}.Debug|x86.ActiveCfg = Debug|Win32
		{20DBDFC2-ACD9-44FF-8DE5-2CE282FC2D33}.Debug|x86.Build.0 = Debug|Win32
		{20DBDFC2-ACD9-44FF-8DE5-2CE282FC2D33}.Release|x64.ActiveCfg = Release|x64
		{20DBDFC2-ACD9-44FF-8DE5-2CE282FC2D33}.Release|x64.Build.0 = Release|x64
		{20DBDFC2-ACD9-44FF-8DE5-2CE282FC2D33}.Release|x86.ActiveCfg = Release|Win32
		{20DBDFC2-ACD9-44FF-8DE5-2CE282FC2D33}.Release|x86.Build.0 = Release|Win32
	EndGlobalSection
	GlobalSection(SolutionProperties) = preSolution
		HideSolutionNode = FALSE
	EndGlobalSection
	GlobalSection(ExtensibilityGlobals) = postSolution
		SolutionGuid = {9AF17029-CBAE-41F9-AE8D-0719B3F2D7BE}
	EndGlobalSection
EndGlobal
